// !$*UTF8*$!
{
	archiveVersion = 1;
	classes = {
	};
	objectVersion = 56;
	objects = {

/* Begin PBXBuildFile section */
		5144D29F2B3493000058B2FE /* AppDelegate.swift in Sources */ = {isa = PBXBuildFile; fileRef = 5144D29E2B3493000058B2FE /* AppDelegate.swift */; };
		5144D2A12B3493000058B2FE /* SceneDelegate.swift in Sources */ = {isa = PBXBuildFile; fileRef = 5144D2A02B3493000058B2FE /* SceneDelegate.swift */; };
		5144D2A62B3493000058B2FE /* Main.storyboard in Resources */ = {isa = PBXBuildFile; fileRef = 5144D2A42B3493000058B2FE /* Main.storyboard */; };
		5144D2AB2B3493030058B2FE /* LaunchScreen.storyboard in Resources */ = {isa = PBXBuildFile; fileRef = 5144D2A92B3493030058B2FE /* LaunchScreen.storyboard */; };
		5144D2B32B3493560058B2FE /* OnboardingViewController.swift in Sources */ = {isa = PBXBuildFile; fileRef = 5144D2B22B3493560058B2FE /* OnboardingViewController.swift */; };
		5144D2B72B3493920058B2FE /* SnapKit in Frameworks */ = {isa = PBXBuildFile; productRef = 5144D2B62B3493920058B2FE /* SnapKit */; };
		5144D2B92B3493920058B2FE /* SnapKit-Dynamic in Frameworks */ = {isa = PBXBuildFile; productRef = 5144D2B82B3493920058B2FE /* SnapKit-Dynamic */; };
		5144D2BD2B3494F80058B2FE /* Color.xcassets in Resources */ = {isa = PBXBuildFile; fileRef = 5144D2BC2B3494F80058B2FE /* Color.xcassets */; };
		5144D2C12B3495190058B2FE /* Image.xcassets in Resources */ = {isa = PBXBuildFile; fileRef = 5144D2C02B3495190058B2FE /* Image.xcassets */; };
		5144D2C32B3495390058B2FE /* AppColor.swift in Sources */ = {isa = PBXBuildFile; fileRef = 5144D2C22B3495390058B2FE /* AppColor.swift */; };
		5144D2C52B3495420058B2FE /* AppImage.swift in Sources */ = {isa = PBXBuildFile; fileRef = 5144D2C42B3495420058B2FE /* AppImage.swift */; };
		5144D2C72B34A5AC0058B2FE /* HomeViewController.swift in Sources */ = {isa = PBXBuildFile; fileRef = 5144D2C62B34A5AC0058B2FE /* HomeViewController.swift */; };
		5144D2C92B34A85B0058B2FE /* TabBarViewController.swift in Sources */ = {isa = PBXBuildFile; fileRef = 5144D2C82B34A85B0058B2FE /* TabBarViewController.swift */; };
		5144D2CB2B34AA800058B2FE /* FavouriteViewController.swift in Sources */ = {isa = PBXBuildFile; fileRef = 5144D2CA2B34AA800058B2FE /* FavouriteViewController.swift */; };
		5144D2CD2B34AA960058B2FE /* CartViewController.swift in Sources */ = {isa = PBXBuildFile; fileRef = 5144D2CC2B34AA960058B2FE /* CartViewController.swift */; };
		5144D2CF2B34AAA90058B2FE /* DeliveryViewController.swift in Sources */ = {isa = PBXBuildFile; fileRef = 5144D2CE2B34AAA90058B2FE /* DeliveryViewController.swift */; };
		5144D2D32B3710840058B2FE /* coffee.swift in Sources */ = {isa = PBXBuildFile; fileRef = 5144D2D22B3710840058B2FE /* coffee.swift */; };
		5144D2D52B3710B60058B2FE /* CoffeeCollectionViewCell.swift in Sources */ = {isa = PBXBuildFile; fileRef = 5144D2D42B3710B60058B2FE /* CoffeeCollectionViewCell.swift */; };
		519D9E392B384B1500472DE8 /* DetailCoffeeView.swift in Sources */ = {isa = PBXBuildFile; fileRef = 519D9E382B384B1500472DE8 /* DetailCoffeeView.swift */; };
		519D9E3B2B3C0E9D00472DE8 /* FavTableViewCell.swift in Sources */ = {isa = PBXBuildFile; fileRef = 519D9E3A2B3C0E9D00472DE8 /* FavTableViewCell.swift */; };
/* End PBXBuildFile section */

/* Begin PBXFileReference section */
		5144D29B2B3493000058B2FE /* LatteNewLaunch.app */ = {isa = PBXFileReference; explicitFileType = wrapper.application; includeInIndex = 0; path = LatteNewLaunch.app; sourceTree = BUILT_PRODUCTS_DIR; };
		5144D29E2B3493000058B2FE /* AppDelegate.swift */ = {isa = PBXFileReference; lastKnownFileType = sourcecode.swift; path = AppDelegate.swift; sourceTree = "<group>"; };
		5144D2A02B3493000058B2FE /* SceneDelegate.swift */ = {isa = PBXFileReference; lastKnownFileType = sourcecode.swift; path = SceneDelegate.swift; sourceTree = "<group>"; };
		5144D2A52B3493000058B2FE /* Base */ = {isa = PBXFileReference; lastKnownFileType = file.storyboard; name = Base; path = Base.lproj/Main.storyboard; sourceTree = "<group>"; };
		5144D2AA2B3493030058B2FE /* Base */ = {isa = PBXFileReference; lastKnownFileType = file.storyboard; name = Base; path = Base.lproj/LaunchScreen.storyboard; sourceTree = "<group>"; };
		5144D2AC2B3493030058B2FE /* Info.plist */ = {isa = PBXFileReference; lastKnownFileType = text.plist.xml; path = Info.plist; sourceTree = "<group>"; };
		5144D2B22B3493560058B2FE /* OnboardingViewController.swift */ = {isa = PBXFileReference; lastKnownFileType = sourcecode.swift; path = OnboardingViewController.swift; sourceTree = "<group>"; };
		5144D2BC2B3494F80058B2FE /* Color.xcassets */ = {isa = PBXFileReference; lastKnownFileType = folder.assetcatalog; path = Color.xcassets; sourceTree = "<group>"; };
		5144D2C02B3495190058B2FE /* Image.xcassets */ = {isa = PBXFileReference; lastKnownFileType = folder.assetcatalog; path = Image.xcassets; sourceTree = "<group>"; };
		5144D2C22B3495390058B2FE /* AppColor.swift */ = {isa = PBXFileReference; lastKnownFileType = sourcecode.swift; path = AppColor.swift; sourceTree = "<group>"; };
		5144D2C42B3495420058B2FE /* AppImage.swift */ = {isa = PBXFileReference; lastKnownFileType = sourcecode.swift; path = AppImage.swift; sourceTree = "<group>"; };
		5144D2C62B34A5AC0058B2FE /* HomeViewController.swift */ = {isa = PBXFileReference; lastKnownFileType = sourcecode.swift; path = HomeViewController.swift; sourceTree = "<group>"; };
		5144D2C82B34A85B0058B2FE /* TabBarViewController.swift */ = {isa = PBXFileReference; lastKnownFileType = sourcecode.swift; path = TabBarViewController.swift; sourceTree = "<group>"; };
		5144D2CA2B34AA800058B2FE /* FavouriteViewController.swift */ = {isa = PBXFileReference; lastKnownFileType = sourcecode.swift; path = FavouriteViewController.swift; sourceTree = "<group>"; };
		5144D2CC2B34AA960058B2FE /* CartViewController.swift */ = {isa = PBXFileReference; lastKnownFileType = sourcecode.swift; path = CartViewController.swift; sourceTree = "<group>"; };
		5144D2CE2B34AAA90058B2FE /* DeliveryViewController.swift */ = {isa = PBXFileReference; lastKnownFileType = sourcecode.swift; path = DeliveryViewController.swift; sourceTree = "<group>"; };
		5144D2D22B3710840058B2FE /* coffee.swift */ = {isa = PBXFileReference; lastKnownFileType = sourcecode.swift; path = coffee.swift; sourceTree = "<group>"; };
		5144D2D42B3710B60058B2FE /* CoffeeCollectionViewCell.swift */ = {isa = PBXFileReference; lastKnownFileType = sourcecode.swift; path = CoffeeCollectionViewCell.swift; sourceTree = "<group>"; };
		519D9E382B384B1500472DE8 /* DetailCoffeeView.swift */ = {isa = PBXFileReference; lastKnownFileType = sourcecode.swift; path = DetailCoffeeView.swift; sourceTree = "<group>"; };
		519D9E3A2B3C0E9D00472DE8 /* FavTableViewCell.swift */ = {isa = PBXFileReference; lastKnownFileType = sourcecode.swift; path = FavTableViewCell.swift; sourceTree = "<group>"; };
/* End PBXFileReference section */

/* Begin PBXFrameworksBuildPhase section */
		5144D2982B3493000058B2FE /* Frameworks */ = {
			isa = PBXFrameworksBuildPhase;
			buildActionMask = 2147483647;
			files = (
				5144D2B72B3493920058B2FE /* SnapKit in Frameworks */,
				5144D2B92B3493920058B2FE /* SnapKit-Dynamic in Frameworks */,
			);
			runOnlyForDeploymentPostprocessing = 0;
		};
/* End PBXFrameworksBuildPhase section */

/* Begin PBXGroup section */
		5144D2922B3493000058B2FE = {
			isa = PBXGroup;
			children = (
				5144D29D2B3493000058B2FE /* LatteNewLaunch */,
				5144D29C2B3493000058B2FE /* Products */,
			);
			sourceTree = "<group>";
		};
		5144D29C2B3493000058B2FE /* Products */ = {
			isa = PBXGroup;
			children = (
				5144D29B2B3493000058B2FE /* LatteNewLaunch.app */,
			);
			name = Products;
			sourceTree = "<group>";
		};
		5144D29D2B3493000058B2FE /* LatteNewLaunch */ = {
			isa = PBXGroup;
			children = (
				5144D2D62B3710C50058B2FE /* Home */,
				5144D2B42B3493710058B2FE /* Delegate */,
				5144D2BA2B3494BF0058B2FE /* Assets */,
				5144D2B22B3493560058B2FE /* OnboardingViewController.swift */,
				5144D2C82B34A85B0058B2FE /* TabBarViewController.swift */,
				5144D2CA2B34AA800058B2FE /* FavouriteViewController.swift */,
				519D9E3A2B3C0E9D00472DE8 /* FavTableViewCell.swift */,
				5144D2CC2B34AA960058B2FE /* CartViewController.swift */,
				5144D2CE2B34AAA90058B2FE /* DeliveryViewController.swift */,
				5144D2A42B3493000058B2FE /* Main.storyboard */,
				5144D2A92B3493030058B2FE /* LaunchScreen.storyboard */,
				5144D2AC2B3493030058B2FE /* Info.plist */,
			);
			path = LatteNewLaunch;
			sourceTree = "<group>";
		};
		5144D2B42B3493710058B2FE /* Delegate */ = {
			isa = PBXGroup;
			children = (
				5144D29E2B3493000058B2FE /* AppDelegate.swift */,
				5144D2A02B3493000058B2FE /* SceneDelegate.swift */,
			);
			path = Delegate;
			sourceTree = "<group>";
		};
		5144D2BA2B3494BF0058B2FE /* Assets */ = {
			isa = PBXGroup;
			children = (
				5144D2BC2B3494F80058B2FE /* Color.xcassets */,
				5144D2C02B3495190058B2FE /* Image.xcassets */,
				5144D2C22B3495390058B2FE /* AppColor.swift */,
				5144D2C42B3495420058B2FE /* AppImage.swift */,
			);
			path = Assets;
			sourceTree = "<group>";
		};
		5144D2D62B3710C50058B2FE /* Home */ = {
			isa = PBXGroup;
			children = (
				5144D2C62B34A5AC0058B2FE /* HomeViewController.swift */,
				5144D2D42B3710B60058B2FE /* CoffeeCollectionViewCell.swift */,
				5144D2D22B3710840058B2FE /* coffee.swift */,
				519D9E382B384B1500472DE8 /* DetailCoffeeView.swift */,
			);
			path = Home;
			sourceTree = "<group>";
		};
/* End PBXGroup section */

/* Begin PBXNativeTarget section */
		5144D29A2B3493000058B2FE /* LatteNewLaunch */ = {
			isa = PBXNativeTarget;
			buildConfigurationList = 5144D2AF2B3493030058B2FE /* Build configuration list for PBXNativeTarget "LatteNewLaunch" */;
			buildPhases = (
				5144D2972B3493000058B2FE /* Sources */,
				5144D2982B3493000058B2FE /* Frameworks */,
				5144D2992B3493000058B2FE /* Resources */,
			);
			buildRules = (
			);
			dependencies = (
			);
			name = LatteNewLaunch;
			packageProductDependencies = (
				5144D2B62B3493920058B2FE /* SnapKit */,
				5144D2B82B3493920058B2FE /* SnapKit-Dynamic */,
			);
			productName = LatteNewLaunch;
			productReference = 5144D29B2B3493000058B2FE /* LatteNewLaunch.app */;
			productType = "com.apple.product-type.application";
		};
/* End PBXNativeTarget section */

/* Begin PBXProject section */
		5144D2932B3493000058B2FE /* Project object */ = {
			isa = PBXProject;
			attributes = {
				BuildIndependentTargetsInParallel = 1;
				LastSwiftUpdateCheck = 1500;
				LastUpgradeCheck = 1500;
				TargetAttributes = {
					5144D29A2B3493000058B2FE = {
						CreatedOnToolsVersion = 15.0.1;
					};
				};
			};
			buildConfigurationList = 5144D2962B3493000058B2FE /* Build configuration list for PBXProject "LatteNewLaunch" */;
			compatibilityVersion = "Xcode 14.0";
			developmentRegion = en;
			hasScannedForEncodings = 0;
			knownRegions = (
				en,
				Base,
			);
			mainGroup = 5144D2922B3493000058B2FE;
			packageReferences = (
				5144D2B52B3493920058B2FE /* XCRemoteSwiftPackageReference "SnapKit" */,
			);
			productRefGroup = 5144D29C2B3493000058B2FE /* Products */;
			projectDirPath = "";
			projectRoot = "";
			targets = (
				5144D29A2B3493000058B2FE /* LatteNewLaunch */,
			);
		};
/* End PBXProject section */

/* Begin PBXResourcesBuildPhase section */
		5144D2992B3493000058B2FE /* Resources */ = {
			isa = PBXResourcesBuildPhase;
			buildActionMask = 2147483647;
			files = (
				5144D2AB2B3493030058B2FE /* LaunchScreen.storyboard in Resources */,
				5144D2C12B3495190058B2FE /* Image.xcassets in Resources */,
				5144D2A62B3493000058B2FE /* Main.storyboard in Resources */,
				5144D2BD2B3494F80058B2FE /* Color.xcassets in Resources */,
			);
			runOnlyForDeploymentPostprocessing = 0;
		};
/* End PBXResourcesBuildPhase section */

/* Begin PBXSourcesBuildPhase section */
		5144D2972B3493000058B2FE /* Sources */ = {
			isa = PBXSourcesBuildPhase;
			buildActionMask = 2147483647;
			files = (
				5144D29F2B3493000058B2FE /* AppDelegate.swift in Sources */,
				519D9E3B2B3C0E9D00472DE8 /* FavTableViewCell.swift in Sources */,
				519D9E392B384B1500472DE8 /* DetailCoffeeView.swift in Sources */,
				5144D2C32B3495390058B2FE /* AppColor.swift in Sources */,
				5144D2CF2B34AAA90058B2FE /* DeliveryViewController.swift in Sources */,
				5144D2B32B3493560058B2FE /* OnboardingViewController.swift in Sources */,
				5144D2D52B3710B60058B2FE /* CoffeeCollectionViewCell.swift in Sources */,
				5144D2A12B3493000058B2FE /* SceneDelegate.swift in Sources */,
				5144D2CB2B34AA800058B2FE /* FavouriteViewController.swift in Sources */,
				5144D2D32B3710840058B2FE /* coffee.swift in Sources */,
				5144D2C92B34A85B0058B2FE /* TabBarViewController.swift in Sources */,
				5144D2C52B3495420058B2FE /* AppImage.swift in Sources */,
				5144D2CD2B34AA960058B2FE /* CartViewController.swift in Sources */,
				5144D2C72B34A5AC0058B2FE /* HomeViewController.swift in Sources */,
			);
			runOnlyForDeploymentPostprocessing = 0;
		};
/* End PBXSourcesBuildPhase section */

/* Begin PBXVariantGroup section */
		5144D2A42B3493000058B2FE /* Main.storyboard */ = {
			isa = PBXVariantGroup;
			children = (
				5144D2A52B3493000058B2FE /* Base */,
			);
			name = Main.storyboard;
			sourceTree = "<group>";
		};
		5144D2A92B3493030058B2FE /* LaunchScreen.storyboard */ = {
			isa = PBXVariantGroup;
			children = (
				5144D2AA2B3493030058B2FE /* Base */,
			);
			name = LaunchScreen.storyboard;
			sourceTree = "<group>";
		};
/* End PBXVariantGroup section */

/* Begin XCBuildConfiguration section */
		5144D2AD2B3493030058B2FE /* Debug */ = {
			isa = XCBuildConfiguration;
			buildSettings = {
				ALWAYS_SEARCH_USER_PATHS = NO;
				ASSETCATALOG_COMPILER_GENERATE_SWIFT_ASSET_SYMBOL_EXTENSIONS = YES;
				CLANG_ANALYZER_NONNULL = YES;
				CLANG_ANALYZER_NUMBER_OBJECT_CONVERSION = YES_AGGRESSIVE;
				CLANG_CXX_LANGUAGE_STANDARD = "gnu++20";
				CLANG_ENABLE_MODULES = YES;
				CLANG_ENABLE_OBJC_ARC = YES;
				CLANG_ENABLE_OBJC_WEAK = YES;
				CLANG_WARN_BLOCK_CAPTURE_AUTORELEASING = YES;
				CLANG_WARN_BOOL_CONVERSION = YES;
				CLANG_WARN_COMMA = YES;
				CLANG_WARN_CONSTANT_CONVERSION = YES;
				CLANG_WARN_DEPRECATED_OBJC_IMPLEMENTATIONS = YES;
				CLANG_WARN_DIRECT_OBJC_ISA_USAGE = YES_ERROR;
				CLANG_WARN_DOCUMENTATION_COMMENTS = YES;
				CLANG_WARN_EMPTY_BODY = YES;
				CLANG_WARN_ENUM_CONVERSION = YES;
				CLANG_WARN_INFINITE_RECURSION = YES;
				CLANG_WARN_INT_CONVERSION = YES;
				CLANG_WARN_NON_LITERAL_NULL_CONVERSION = YES;
				CLANG_WARN_OBJC_IMPLICIT_RETAIN_SELF = YES;
				CLANG_WARN_OBJC_LITERAL_CONVERSION = YES;
				CLANG_WARN_OBJC_ROOT_CLASS = YES_ERROR;
				CLANG_WARN_QUOTED_INCLUDE_IN_FRAMEWORK_HEADER = YES;
				CLANG_WARN_RANGE_LOOP_ANALYSIS = YES;
				CLANG_WARN_STRICT_PROTOTYPES = YES;
				CLANG_WARN_SUSPICIOUS_MOVE = YES;
				CLANG_WARN_UNGUARDED_AVAILABILITY = YES_AGGRESSIVE;
				CLANG_WARN_UNREACHABLE_CODE = YES;
				CLANG_WARN__DUPLICATE_METHOD_MATCH = YES;
				COPY_PHASE_STRIP = NO;
				DEBUG_INFORMATION_FORMAT = dwarf;
				ENABLE_STRICT_OBJC_MSGSEND = YES;
				ENABLE_TESTABILITY = YES;
				ENABLE_USER_SCRIPT_SANDBOXING = YES;
				GCC_C_LANGUAGE_STANDARD = gnu17;
				GCC_DYNAMIC_NO_PIC = NO;
				GCC_NO_COMMON_BLOCKS = YES;
				GCC_OPTIMIZATION_LEVEL = 0;
				GCC_PREPROCESSOR_DEFINITIONS = (
					"DEBUG=1",
					"$(inherited)",
				);
				GCC_WARN_64_TO_32_BIT_CONVERSION = YES;
				GCC_WARN_ABOUT_RETURN_TYPE = YES_ERROR;
				GCC_WARN_UNDECLARED_SELECTOR = YES;
				GCC_WARN_UNINITIALIZED_AUTOS = YES_AGGRESSIVE;
				GCC_WARN_UNUSED_FUNCTION = YES;
				GCC_WARN_UNUSED_VARIABLE = YES;
				IPHONEOS_DEPLOYMENT_TARGET = 17.0;
				LOCALIZATION_PREFERS_STRING_CATALOGS = YES;
				MTL_ENABLE_DEBUG_INFO = INCLUDE_SOURCE;
				MTL_FAST_MATH = YES;
				ONLY_ACTIVE_ARCH = YES;
				SDKROOT = iphoneos;
				SWIFT_ACTIVE_COMPILATION_CONDITIONS = "DEBUG $(inherited)";
				SWIFT_OPTIMIZATION_LEVEL = "-Onone";
			};
			name = Debug;
		};
		5144D2AE2B3493030058B2FE /* Release */ = {
			isa = XCBuildConfiguration;
			buildSettings = {
				ALWAYS_SEARCH_USER_PATHS = NO;
				ASSETCATALOG_COMPILER_GENERATE_SWIFT_ASSET_SYMBOL_EXTENSIONS = YES;
				CLANG_ANALYZER_NONNULL = YES;
				CLANG_ANALYZER_NUMBER_OBJECT_CONVERSION = YES_AGGRESSIVE;
				CLANG_CXX_LANGUAGE_STANDARD = "gnu++20";
				CLANG_ENABLE_MODULES = YES;
				CLANG_ENABLE_OBJC_ARC = YES;
				CLANG_ENABLE_OBJC_WEAK = YES;
				CLANG_WARN_BLOCK_CAPTURE_AUTORELEASING = YES;
				CLANG_WARN_BOOL_CONVERSION = YES;
				CLANG_WARN_COMMA = YES;
				CLANG_WARN_CONSTANT_CONVERSION = YES;
				CLANG_WARN_DEPRECATED_OBJC_IMPLEMENTATIONS = YES;
				CLANG_WARN_DIRECT_OBJC_ISA_USAGE = YES_ERROR;
				CLANG_WARN_DOCUMENTATION_COMMENTS = YES;
				CLANG_WARN_EMPTY_BODY = YES;
				CLANG_WARN_ENUM_CONVERSION = YES;
				CLANG_WARN_INFINITE_RECURSION = YES;
				CLANG_WARN_INT_CONVERSION = YES;
				CLANG_WARN_NON_LITERAL_NULL_CONVERSION = YES;
				CLANG_WARN_OBJC_IMPLICIT_RETAIN_SELF = YES;
				CLANG_WARN_OBJC_LITERAL_CONVERSION = YES;
				CLANG_WARN_OBJC_ROOT_CLASS = YES_ERROR;
				CLANG_WARN_QUOTED_INCLUDE_IN_FRAMEWORK_HEADER = YES;
				CLANG_WARN_RANGE_LOOP_ANALYSIS = YES;
				CLANG_WARN_STRICT_PROTOTYPES = YES;
				CLANG_WARN_SUSPICIOUS_MOVE = YES;
				CLANG_WARN_UNGUARDED_AVAILABILITY = YES_AGGRESSIVE;
				CLANG_WARN_UNREACHABLE_CODE = YES;
				CLANG_WARN__DUPLICATE_METHOD_MATCH = YES;
				COPY_PHASE_STRIP = NO;
				DEBUG_INFORMATION_FORMAT = "dwarf-with-dsym";
				ENABLE_NS_ASSERTIONS = NO;
				ENABLE_STRICT_OBJC_MSGSEND = YES;
				ENABLE_USER_SCRIPT_SANDBOXING = YES;
				GCC_C_LANGUAGE_STANDARD = gnu17;
				GCC_NO_COMMON_BLOCKS = YES;
				GCC_WARN_64_TO_32_BIT_CONVERSION = YES;
				GCC_WARN_ABOUT_RETURN_TYPE = YES_ERROR;
				GCC_WARN_UNDECLARED_SELECTOR = YES;
				GCC_WARN_UNINITIALIZED_AUTOS = YES_AGGRESSIVE;
				GCC_WARN_UNUSED_FUNCTION = YES;
				GCC_WARN_UNUSED_VARIABLE = YES;
				IPHONEOS_DEPLOYMENT_TARGET = 17.0;
				LOCALIZATION_PREFERS_STRING_CATALOGS = YES;
				MTL_ENABLE_DEBUG_INFO = NO;
				MTL_FAST_MATH = YES;
				SDKROOT = iphoneos;
				SWIFT_COMPILATION_MODE = wholemodule;
				VALIDATE_PRODUCT = YES;
			};
			name = Release;
		};
		5144D2B02B3493030058B2FE /* Debug */ = {
			isa = XCBuildConfiguration;
			buildSettings = {
				ASSETCATALOG_COMPILER_APPICON_NAME = AppIcon;
				ASSETCATALOG_COMPILER_GLOBAL_ACCENT_COLOR_NAME = AccentColor;
				CODE_SIGN_STYLE = Automatic;
				CURRENT_PROJECT_VERSION = 1;
				DEVELOPMENT_TEAM = RHRNFDRXGF;
				GENERATE_INFOPLIST_FILE = YES;
				INFOPLIST_FILE = LatteNewLaunch/Info.plist;
				INFOPLIST_KEY_UIApplicationSupportsIndirectInputEvents = YES;
				INFOPLIST_KEY_UILaunchStoryboardName = LaunchScreen;
				INFOPLIST_KEY_UIMainStoryboardFile = Main;
				INFOPLIST_KEY_UISupportedInterfaceOrientations_iPad = "UIInterfaceOrientationPortrait UIInterfaceOrientationPortraitUpsideDown UIInterfaceOrientationLandscapeLeft UIInterfaceOrientationLandscapeRight";
				INFOPLIST_KEY_UISupportedInterfaceOrientations_iPhone = "UIInterfaceOrientationPortrait UIInterfaceOrientationLandscapeLeft UIInterfaceOrientationLandscapeRight";
				LD_RUNPATH_SEARCH_PATHS = (
					"$(inherited)",
					"@executable_path/Frameworks",
				);
				MARKETING_VERSION = 1.0;
				PRODUCT_BUNDLE_IDENTIFIER = com.example.LatteNewLaunch;
				PRODUCT_NAME = "$(TARGET_NAME)";
				SWIFT_EMIT_LOC_STRINGS = YES;
				SWIFT_VERSION = 5.0;
				TARGETED_DEVICE_FAMILY = "1,2";
			};
			name = Debug;
		};
		5144D2B12B3493030058B2FE /* Release */ = {
			isa = XCBuildConfiguration;
			buildSettings = {
				ASSETCATALOG_COMPILER_APPICON_NAME = AppIcon;
				ASSETCATALOG_COMPILER_GLOBAL_ACCENT_COLOR_NAME = AccentColor;
				CODE_SIGN_STYLE = Automatic;
				CURRENT_PROJECT_VERSION = 1;
				DEVELOPMENT_TEAM = RHRNFDRXGF;
				GENERATE_INFOPLIST_FILE = YES;
				INFOPLIST_FILE = LatteNewLaunch/Info.plist;
				INFOPLIST_KEY_UIApplicationSupportsIndirectInputEvents = YES;
				INFOPLIST_KEY_UILaunchStoryboardName = LaunchScreen;
				INFOPLIST_KEY_UIMainStoryboardFile = Main;
				INFOPLIST_KEY_UISupportedInterfaceOrientations_iPad = "UIInterfaceOrientationPortrait UIInterfaceOrientationPortraitUpsideDown UIInterfaceOrientationLandscapeLeft UIInterfaceOrientationLandscapeRight";
				INFOPLIST_KEY_UISupportedInterfaceOrientations_iPhone = "UIInterfaceOrientationPortrait UIInterfaceOrientationLandscapeLeft UIInterfaceOrientationLandscapeRight";
				LD_RUNPATH_SEARCH_PATHS = (
					"$(inherited)",
					"@executable_path/Frameworks",
				);
				MARKETING_VERSION = 1.0;
				PRODUCT_BUNDLE_IDENTIFIER = com.example.LatteNewLaunch;
				PRODUCT_NAME = "$(TARGET_NAME)";
				SWIFT_EMIT_LOC_STRINGS = YES;
				SWIFT_VERSION = 5.0;
				TARGETED_DEVICE_FAMILY = "1,2";
			};
			name = Release;
		};
/* End XCBuildConfiguration section */

/* Begin XCConfigurationList section */
		5144D2962B3493000058B2FE /* Build configuration list for PBXProject "LatteNewLaunch" */ = {
			isa = XCConfigurationList;
			buildConfigurations = (
				5144D2AD2B3493030058B2FE /* Debug */,
				5144D2AE2B3493030058B2FE /* Release */,
			);
			defaultConfigurationIsVisible = 0;
			defaultConfigurationName = Release;
		};
		5144D2AF2B3493030058B2FE /* Build configuration list for PBXNativeTarget "LatteNewLaunch" */ = {
			isa = XCConfigurationList;
			buildConfigurations = (
				5144D2B02B3493030058B2FE /* Debug */,
				5144D2B12B3493030058B2FE /* Release */,
			);
			defaultConfigurationIsVisible = 0;
			defaultConfigurationName = Release;
		};
/* End XCConfigurationList section */

/* Begin XCRemoteSwiftPackageReference section */
		5144D2B52B3493920058B2FE /* XCRemoteSwiftPackageReference "SnapKit" */ = {
			isa = XCRemoteSwiftPackageReference;
			repositoryURL = "https://github.com/SnapKit/SnapKit";
			requirement = {
				kind = upToNextMajorVersion;
				minimumVersion = 5.6.0;
			};
		};
/* End XCRemoteSwiftPackageReference section */

/* Begin XCSwiftPackageProductDependency section */
		5144D2B62B3493920058B2FE /* SnapKit */ = {
			isa = XCSwiftPackageProductDependency;
			package = 5144D2B52B3493920058B2FE /* XCRemoteSwiftPackageReference "SnapKit" */;
			productName = SnapKit;
		};
		5144D2B82B3493920058B2FE /* SnapKit-Dynamic */ = {
			isa = XCSwiftPackageProductDependency;
			package = 5144D2B52B3493920058B2FE /* XCRemoteSwiftPackageReference "SnapKit" */;
			productName = "SnapKit-Dynamic";
		};
/* End XCSwiftPackageProductDependency section */
	};
	rootObject = 5144D2932B3493000058B2FE /* Project object */;
}
